
Microsoft Visual Studio Solution File, Format Version 12.00
# Visual Studio Version 17
VisualStudioVersion = 17.0.31903.59
MinimumVisualStudioVersion = 10.0.40219.1
Project("{2150E333-8FDC-42A3-9474-1A3956D46DE8}") = "src", "src", "{A8F13220-F316-4C14-ADD2-ED6B6E95EEB8}"
EndProject
Project("{FAE04EC0-301F-11D3-BF4B-00C04F79EFBC}") = "UserApp-Blazor.Data", "src\UserApp-Blazor.Data\UserApp-Blazor.Data.csproj", "{83298315-B46C-48B4-9313-5076AD7C528B}"
EndProject
Project("{FAE04EC0-301F-11D3-BF4B-00C04F79EFBC}") = "UserApp-Blazor.Domain", "src\UserApp-Blazor.Domain\UserApp-Blazor.Domain.csproj", "{3B8AD1BA-7653-4490-B892-A3056D411D26}"
EndProject
Project("{FAE04EC0-301F-11D3-BF4B-00C04F79EFBC}") = "UserApp-Blazor.Service", "src\UserApp-Blazor.Service\UserApp-Blazor.Service.csproj", "{A6258F08-6D3E-4ADE-8789-4260977625F0}"
EndProject
Project("{FAE04EC0-301F-11D3-BF4B-00C04F79EFBC}") = "UserApp-Blazor.Shared", "src\UserApp-Blazor.Shared\UserApp-Blazor.Shared.csproj", "{6C384B51-CE67-4302-A0F5-140CDD8A1583}"
EndProject
Project("{FAE04EC0-301F-11D3-BF4B-00C04F79EFBC}") = "UserApp-Blazor.WebApi", "src\UserApp-Blazor.WebApi\UserApp-Blazor.WebApi.csproj", "{2941318C-7A3D-4FDC-9EC2-A13B00DC30EC}"
EndProject
Project("{FAE04EC0-301F-11D3-BF4B-00C04F79EFBC}") = "UserApp-Blazor.Web", "src\UserApp-Blazor.Web\UserApp-Blazor.Web.csproj", "{0CB8CF33-CEC4-47FE-9ECE-F10A5CFAB46F}"
EndProject
Project("{FAE04EC0-301F-11D3-BF4B-00C04F79EFBC}") = "UserApp-Blazor.Web.Service", "src\UserApp-Blazor.Web.Service\UserApp-Blazor.Web.Service.csproj", "{6A62E509-8747-40DA-AC5A-531EDBE76BC3}"
EndProject
Project("{2150E333-8FDC-42A3-9474-1A3956D46DE8}") = "doc", "doc", "{1A3B4174-984A-417E-91D9-924FBE121A19}"
	ProjectSection(SolutionItems) = preProject
		About.txt = About.txt
	EndProjectSection
EndProject
Global
	GlobalSection(SolutionConfigurationPlatforms) = preSolution
		Debug|Any CPU = Debug|Any CPU
		Release|Any CPU = Release|Any CPU
	EndGlobalSection
	GlobalSection(ProjectConfigurationPlatforms) = postSolution
		{83298315-B46C-48B4-9313-5076AD7C528B}.Debug|Any CPU.ActiveCfg = Debug|Any CPU
		{83298315-B46C-48B4-9313-5076AD7C528B}.Debug|Any CPU.Build.0 = Debug|Any CPU
		{83298315-B46C-48B4-9313-5076AD7C528B}.Release|Any CPU.ActiveCfg = Release|Any CPU
		{83298315-B46C-48B4-9313-5076AD7C528B}.Release|Any CPU.Build.0 = Release|Any CPU
		{3B8AD1BA-7653-4490-B892-A3056D411D26}.Debug|Any CPU.ActiveCfg = Debug|Any CPU
		{3B8AD1BA-7653-4490-B892-A3056D411D26}.Debug|Any CPU.Build.0 = Debug|Any CPU
		{3B8AD1BA-7653-4490-B892-A3056D411D26}.Release|Any CPU.ActiveCfg = Release|Any CPU
		{3B8AD1BA-7653-4490-B892-A3056D411D26}.Release|Any CPU.Build.0 = Release|Any CPU
		{A6258F08-6D3E-4ADE-8789-4260977625F0}.Debug|Any CPU.ActiveCfg = Debug|Any CPU
		{A6258F08-6D3E-4ADE-8789-4260977625F0}.Debug|Any CPU.Build.0 = Debug|Any CPU
		{A6258F08-6D3E-4ADE-8789-4260977625F0}.Release|Any CPU.ActiveCfg = Release|Any CPU
		{A6258F08-6D3E-4ADE-8789-4260977625F0}.Release|Any CPU.Build.0 = Release|Any CPU
		{6C384B51-CE67-4302-A0F5-140CDD8A1583}.Debug|Any CPU.ActiveCfg = Debug|Any CPU
		{6C384B51-CE67-4302-A0F5-140CDD8A1583}.Debug|Any CPU.Build.0 = Debug|Any CPU
		{6C384B51-CE67-4302-A0F5-140CDD8A1583}.Release|Any CPU.ActiveCfg = Release|Any CPU
		{6C384B51-CE67-4302-A0F5-140CDD8A1583}.Release|Any CPU.Build.0 = Release|Any CPU
		{2941318C-7A3D-4FDC-9EC2-A13B00DC30EC}.Debug|Any CPU.ActiveCfg = Debug|Any CPU
		{2941318C-7A3D-4FDC-9EC2-A13B00DC30EC}.Debug|Any CPU.Build.0 = Debug|Any CPU
		{2941318C-7A3D-4FDC-9EC2-A13B00DC30EC}.Release|Any CPU.ActiveCfg = Release|Any CPU
		{2941318C-7A3D-4FDC-9EC2-A13B00DC30EC}.Release|Any CPU.Build.0 = Release|Any CPU
		{0CB8CF33-CEC4-47FE-9ECE-F10A5CFAB46F}.Debug|Any CPU.ActiveCfg = Debug|Any CPU
		{0CB8CF33-CEC4-47FE-9ECE-F10A5CFAB46F}.Debug|Any CPU.Build.0 = Debug|Any CPU
		{0CB8CF33-CEC4-47FE-9ECE-F10A5CFAB46F}.Release|Any CPU.ActiveCfg = Release|Any CPU
		{0CB8CF33-CEC4-47FE-9ECE-F10A5CFAB46F}.Release|Any CPU.Build.0 = Release|Any CPU
		{6A62E509-8747-40DA-AC5A-531EDBE76BC3}.Debug|Any CPU.ActiveCfg = Debug|Any CPU
		{6A62E509-8747-40DA-AC5A-531EDBE76BC3}.Debug|Any CPU.Build.0 = Debug|Any CPU
		{6A62E509-8747-40DA-AC5A-531EDBE76BC3}.Release|Any CPU.ActiveCfg = Release|Any CPU
		{6A62E509-8747-40DA-AC5A-531EDBE76BC3}.Release|Any CPU.Build.0 = Release|Any CPU
	EndGlobalSection
	GlobalSection(SolutionProperties) = preSolution
		HideSolutionNode = FALSE
	EndGlobalSection
	GlobalSection(NestedProjects) = preSolution
		{83298315-B46C-48B4-9313-5076AD7C528B} = {A8F13220-F316-4C14-ADD2-ED6B6E95EEB8}
		{3B8AD1BA-7653-4490-B892-A3056D411D26} = {A8F13220-F316-4C14-ADD2-ED6B6E95EEB8}
		{A6258F08-6D3E-4ADE-8789-4260977625F0} = {A8F13220-F316-4C14-ADD2-ED6B6E95EEB8}
		{6C384B51-CE67-4302-A0F5-140CDD8A1583} = {A8F13220-F316-4C14-ADD2-ED6B6E95EEB8}
		{2941318C-7A3D-4FDC-9EC2-A13B00DC30EC} = {A8F13220-F316-4C14-ADD2-ED6B6E95EEB8}
		{0CB8CF33-CEC4-47FE-9ECE-F10A5CFAB46F} = {A8F13220-F316-4C14-ADD2-ED6B6E95EEB8}
		{6A62E509-8747-40DA-AC5A-531EDBE76BC3} = {A8F13220-F316-4C14-ADD2-ED6B6E95EEB8}
	EndGlobalSection
EndGlobal
